// !$*UTF8*$!
{
	archiveVersion = 1;
	classes = {
	};
	objectVersion = 48;
	objects = {

/* Begin PBXBuildFile section */
		26108AE51FF0946600874201 /* AppDelegate.m in Sources */ = {isa = PBXBuildFile; fileRef = 26108AE41FF0946600874201 /* AppDelegate.m */; };
		26108AE81FF0946600874201 /* ViewController.m in Sources */ = {isa = PBXBuildFile; fileRef = 26108AE71FF0946600874201 /* ViewController.m */; };
		26108AEB1FF0946600874201 /* Main.storyboard in Resources */ = {isa = PBXBuildFile; fileRef = 26108AE91FF0946600874201 /* Main.storyboard */; };
		26108AED1FF0946600874201 /* Assets.xcassets in Resources */ = {isa = PBXBuildFile; fileRef = 26108AEC1FF0946600874201 /* Assets.xcassets */; };
		26108AF01FF0946600874201 /* LaunchScreen.storyboard in Resources */ = {isa = PBXBuildFile; fileRef = 26108AEE1FF0946600874201 /* LaunchScreen.storyboard */; };
		26108AF31FF0946600874201 /* main.m in Sources */ = {isa = PBXBuildFile; fileRef = 26108AF21FF0946600874201 /* main.m */; };
		26108B0B1FF0957600874201 /* bitstream.c in Sources */ = {isa = PBXBuildFile; fileRef = 26108AFC1FF0957600874201 /* bitstream.c */; };
		26108B0C1FF0957600874201 /* qrencode.c in Sources */ = {isa = PBXBuildFile; fileRef = 26108AFD1FF0957600874201 /* qrencode.c */; };
		26108B0D1FF0957600874201 /* split.c in Sources */ = {isa = PBXBuildFile; fileRef = 26108AFF1FF0957600874201 /* split.c */; };
		26108B0E1FF0957600874201 /* QRCodeGenerator.m in Sources */ = {isa = PBXBuildFile; fileRef = 26108B011FF0957600874201 /* QRCodeGenerator.m */; };
		26108B0F1FF0957600874201 /* qrinput.c in Sources */ = {isa = PBXBuildFile; fileRef = 26108B021FF0957600874201 /* qrinput.c */; };
		26108B101FF0957600874201 /* mask.c in Sources */ = {isa = PBXBuildFile; fileRef = 26108B041FF0957600874201 /* mask.c */; };
		26108B111FF0957600874201 /* qrspec.c in Sources */ = {isa = PBXBuildFile; fileRef = 26108B051FF0957600874201 /* qrspec.c */; };
		26108B121FF0957600874201 /* rscode.c in Sources */ = {isa = PBXBuildFile; fileRef = 26108B091FF0957600874201 /* rscode.c */; };
/* End PBXBuildFile section */

/* Begin PBXFileReference section */
		26108AE01FF0946600874201 /* QRCodeTest.app */ = {isa = PBXFileReference; explicitFileType = wrapper.application; includeInIndex = 0; path = QRCodeTest.app; sourceTree = BUILT_PRODUCTS_DIR; };
		26108AE31FF0946600874201 /* AppDelegate.h */ = {isa = PBXFileReference; lastKnownFileType = sourcecode.c.h; path = AppDelegate.h; sourceTree = "<group>"; };
		26108AE41FF0946600874201 /* AppDelegate.m */ = {isa = PBXFileReference; lastKnownFileType = sourcecode.c.objc; path = AppDelegate.m; sourceTree = "<group>"; };
		26108AE61FF0946600874201 /* ViewController.h */ = {isa = PBXFileReference; lastKnownFileType = sourcecode.c.h; path = ViewController.h; sourceTree = "<group>"; };
		26108AE71FF0946600874201 /* ViewController.m */ = {isa = PBXFileReference; lastKnownFileType = sourcecode.c.objc; path = ViewController.m; sourceTree = "<group>"; };
		26108AEA1FF0946600874201 /* Base */ = {isa = PBXFileReference; lastKnownFileType = file.storyboard; name = Base; path = Base.lproj/Main.storyboard; sourceTree = "<group>"; };
		26108AEC1FF0946600874201 /* Assets.xcassets */ = {isa = PBXFileReference; lastKnownFileType = folder.assetcatalog; path = Assets.xcassets; sourceTree = "<group>"; };
		26108AEF1FF0946600874201 /* Base */ = {isa = PBXFileReference; lastKnownFileType = file.storyboard; name = Base; path = Base.lproj/LaunchScreen.storyboard; sourceTree = "<group>"; };
		26108AF11FF0946600874201 /* Info.plist */ = {isa = PBXFileReference; lastKnownFileType = text.plist.xml; path = Info.plist; sourceTree = "<group>"; };
		26108AF21FF0946600874201 /* main.m */ = {isa = PBXFileReference; lastKnownFileType = sourcecode.c.objc; path = main.m; sourceTree = "<group>"; };
		26108AFA1FF0957600874201 /* mask.h */ = {isa = PBXFileReference; fileEncoding = 4; lastKnownFileType = sourcecode.c.h; path = mask.h; sourceTree = "<group>"; };
		26108AFB1FF0957600874201 /* qrinput.h */ = {isa = PBXFileReference; fileEncoding = 4; lastKnownFileType = sourcecode.c.h; path = qrinput.h; sourceTree = "<group>"; };
		26108AFC1FF0957600874201 /* bitstream.c */ = {isa = PBXFileReference; fileEncoding = 4; lastKnownFileType = sourcecode.c.c; path = bitstream.c; sourceTree = "<group>"; };
		26108AFD1FF0957600874201 /* qrencode.c */ = {isa = PBXFileReference; fileEncoding = 4; lastKnownFileType = sourcecode.c.c; path = qrencode.c; sourceTree = "<group>"; };
		26108AFE1FF0957600874201 /* qrspec.h */ = {isa = PBXFileReference; fileEncoding = 4; lastKnownFileType = sourcecode.c.h; path = qrspec.h; sourceTree = "<group>"; };
		26108AFF1FF0957600874201 /* split.c */ = {isa = PBXFileReference; fileEncoding = 4; lastKnownFileType = sourcecode.c.c; path = split.c; sourceTree = "<group>"; };
		26108B001FF0957600874201 /* rscode.h */ = {isa = PBXFileReference; fileEncoding = 4; lastKnownFileType = sourcecode.c.h; path = rscode.h; sourceTree = "<group>"; };
		26108B011FF0957600874201 /* QRCodeGenerator.m */ = {isa = PBXFileReference; fileEncoding = 4; lastKnownFileType = sourcecode.c.objc; path = QRCodeGenerator.m; sourceTree = "<group>"; };
		26108B021FF0957600874201 /* qrinput.c */ = {isa = PBXFileReference; fileEncoding = 4; lastKnownFileType = sourcecode.c.c; path = qrinput.c; sourceTree = "<group>"; };
		26108B031FF0957600874201 /* bitstream.h */ = {isa = PBXFileReference; fileEncoding = 4; lastKnownFileType = sourcecode.c.h; path = bitstream.h; sourceTree = "<group>"; };
		26108B041FF0957600874201 /* mask.c */ = {isa = PBXFileReference; fileEncoding = 4; lastKnownFileType = sourcecode.c.c; path = mask.c; sourceTree = "<group>"; };
		26108B051FF0957600874201 /* qrspec.c */ = {isa = PBXFileReference; fileEncoding = 4; lastKnownFileType = sourcecode.c.c; path = qrspec.c; sourceTree = "<group>"; };
		26108B061FF0957600874201 /* qrencode.h */ = {isa = PBXFileReference; fileEncoding = 4; lastKnownFileType = sourcecode.c.h; path = qrencode.h; sourceTree = "<group>"; };
		26108B071FF0957600874201 /* QRCodeGenerator.h */ = {isa = PBXFileReference; fileEncoding = 4; lastKnownFileType = sourcecode.c.h; path = QRCodeGenerator.h; sourceTree = "<group>"; };
		26108B081FF0957600874201 /* split.h */ = {isa = PBXFileReference; fileEncoding = 4; lastKnownFileType = sourcecode.c.h; path = split.h; sourceTree = "<group>"; };
		26108B091FF0957600874201 /* rscode.c */ = {isa = PBXFileReference; fileEncoding = 4; lastKnownFileType = sourcecode.c.c; path = rscode.c; sourceTree = "<group>"; };
		26108B0A1FF0957600874201 /* QRCodeLib.h */ = {isa = PBXFileReference; fileEncoding = 4; lastKnownFileType = sourcecode.c.h; name = QRCodeLib.h; path = ../../QRCodeLib/QRCodeLib/QRCodeLib.h; sourceTree = "<group>"; };
/* End PBXFileReference section */

/* Begin PBXFrameworksBuildPhase section */
		26108ADD1FF0946600874201 /* Frameworks */ = {
			isa = PBXFrameworksBuildPhase;
			buildActionMask = 2147483647;
			files = (
			);
			runOnlyForDeploymentPostprocessing = 0;
		};
/* End PBXFrameworksBuildPhase section */

/* Begin PBXGroup section */
		26108AD71FF0946600874201 = {
			isa = PBXGroup;
			children = (
				26108AE21FF0946600874201 /* QRCodeTest */,
				26108AE11FF0946600874201 /* Products */,
			);
			sourceTree = "<group>";
		};
		26108AE11FF0946600874201 /* Products */ = {
			isa = PBXGroup;
			children = (
				26108AE01FF0946600874201 /* QRCodeTest.app */,
			);
			name = Products;
			sourceTree = "<group>";
		};
		26108AE21FF0946600874201 /* QRCodeTest */ = {
			isa = PBXGroup;
			children = (
				26108AF91FF0957600874201 /* libqrencode */,
				26108B0A1FF0957600874201 /* QRCodeLib.h */,
				26108AE31FF0946600874201 /* AppDelegate.h */,
				26108AE41FF0946600874201 /* AppDelegate.m */,
				26108AE61FF0946600874201 /* ViewController.h */,
				26108AE71FF0946600874201 /* ViewController.m */,
				26108AE91FF0946600874201 /* Main.storyboard */,
				26108AEC1FF0946600874201 /* Assets.xcassets */,
				26108AEE1FF0946600874201 /* LaunchScreen.storyboard */,
				26108AF11FF0946600874201 /* Info.plist */,
				26108AF21FF0946600874201 /* main.m */,
			);
			path = QRCodeTest;
			sourceTree = "<group>";
		};
		26108AF91FF0957600874201 /* libqrencode */ = {
			isa = PBXGroup;
			children = (
				26108AFA1FF0957600874201 /* mask.h */,
				26108AFB1FF0957600874201 /* qrinput.h */,
				26108AFC1FF0957600874201 /* bitstream.c */,
				26108AFD1FF0957600874201 /* qrencode.c */,
				26108AFE1FF0957600874201 /* qrspec.h */,
				26108AFF1FF0957600874201 /* split.c */,
				26108B001FF0957600874201 /* rscode.h */,
				26108B011FF0957600874201 /* QRCodeGenerator.m */,
				26108B021FF0957600874201 /* qrinput.c */,
				26108B031FF0957600874201 /* bitstream.h */,
				26108B041FF0957600874201 /* mask.c */,
				26108B051FF0957600874201 /* qrspec.c */,
				26108B061FF0957600874201 /* qrencode.h */,
				26108B071FF0957600874201 /* QRCodeGenerator.h */,
				26108B081FF0957600874201 /* split.h */,
				26108B091FF0957600874201 /* rscode.c */,
			);
			name = libqrencode;
			path = ../../QRCodeLib/QRCodeLib/libqrencode;
			sourceTree = "<group>";
		};
/* End PBXGroup section */

/* Begin PBXNativeTarget section */
		26108ADF1FF0946600874201 /* QRCodeTest */ = {
			isa = PBXNativeTarget;
			buildConfigurationList = 26108AF61FF0946600874201 /* Build configuration list for PBXNativeTarget "QRCodeTest" */;
			buildPhases = (
				26108ADC1FF0946600874201 /* Sources */,
				26108ADD1FF0946600874201 /* Frameworks */,
				26108ADE1FF0946600874201 /* Resources */,
			);
			buildRules = (
			);
			dependencies = (
			);
			name = QRCodeTest;
			productName = QRCodeTest;
			productReference = 26108AE01FF0946600874201 /* QRCodeTest.app */;
			productType = "com.apple.product-type.application";
		};
/* End PBXNativeTarget section */

/* Begin PBXProject section */
		26108AD81FF0946600874201 /* Project object */ = {
			isa = PBXProject;
			attributes = {
				LastUpgradeCheck = 0920;
				ORGANIZATIONNAME = "邓伟浩";
				TargetAttributes = {
					26108ADF1FF0946600874201 = {
						CreatedOnToolsVersion = 9.2;
						ProvisioningStyle = Automatic;
					};
				};
			};
			buildConfigurationList = 26108ADB1FF0946600874201 /* Build configuration list for PBXProject "QRCodeTest" */;
			compatibilityVersion = "Xcode 8.0";
			developmentRegion = en;
			hasScannedForEncodings = 0;
			knownRegions = (
				en,
				Base,
			);
			mainGroup = 26108AD71FF0946600874201;
			productRefGroup = 26108AE11FF0946600874201 /* Products */;
			projectDirPath = "";
			projectRoot = "";
			targets = (
				26108ADF1FF0946600874201 /* QRCodeTest */,
			);
		};
/* End PBXProject section */

/* Begin PBXResourcesBuildPhase section */
		26108ADE1FF0946600874201 /* Resources */ = {
			isa = PBXResourcesBuildPhase;
			buildActionMask = 2147483647;
			files = (
				26108AF01FF0946600874201 /* LaunchScreen.storyboard in Resources */,
				26108AED1FF0946600874201 /* Assets.xcassets in Resources */,
				26108AEB1FF0946600874201 /* Main.storyboard in Resources */,
			);
			runOnlyForDeploymentPostprocessing = 0;
		};
/* End PBXResourcesBuildPhase section */

/* Begin PBXSourcesBuildPhase section */
		26108ADC1FF0946600874201 /* Sources */ = {
			isa = PBXSourcesBuildPhase;
			buildActionMask = 2147483647;
			files = (
				26108B0E1FF0957600874201 /* QRCodeGenerator.m in Sources */,
				26108B0D1FF0957600874201 /* split.c in Sources */,
				26108AE81FF0946600874201 /* ViewController.m in Sources */,
				26108B121FF0957600874201 /* rscode.c in Sources */,
				26108B111FF0957600874201 /* qrspec.c in Sources */,
				26108AF31FF0946600874201 /* main.m in Sources */,
				26108B0C1FF0957600874201 /* qrencode.c in Sources */,
				26108B0F1FF0957600874201 /* qrinput.c in Sources */,
				26108B101FF0957600874201 /* mask.c in Sources */,
				26108AE51FF0946600874201 /* AppDelegate.m in Sources */,
				26108B0B1FF0957600874201 /* bitstream.c in Sources */,
			);
			runOnlyForDeploymentPostprocessing = 0;
		};
/* End PBXSourcesBuildPhase section */

/* Begin PBXVariantGroup section */
		26108AE91FF0946600874201 /* Main.storyboard */ = {
			isa = PBXVariantGroup;
			children = (
				26108AEA1FF0946600874201 /* Base */,
			);
			name = Main.storyboard;
			sourceTree = "<group>";
		};
		26108AEE1FF0946600874201 /* LaunchScreen.storyboard */ = {
			isa = PBXVariantGroup;
			children = (
				26108AEF1FF0946600874201 /* Base */,
			);
			name = LaunchScreen.storyboard;
			sourceTree = "<group>";
		};
/* End PBXVariantGroup section */

/* Begin XCBuildConfiguration section */
		26108AF41FF0946600874201 /* Debug */ = {
			isa = XCBuildConfiguration;
			buildSettings = {
				ALWAYS_SEARCH_USER_PATHS = NO;
				CLANG_ANALYZER_NONNULL = YES;
				CLANG_ANALYZER_NUMBER_OBJECT_CONVERSION = YES_AGGRESSIVE;
				CLANG_CXX_LANGUAGE_STANDARD = "gnu++14";
				CLANG_CXX_LIBRARY = "libc++";
				CLANG_ENABLE_MODULES = YES;
				CLANG_ENABLE_OBJC_ARC = YES;
				CLANG_WARN_BLOCK_CAPTURE_AUTORELEASING = YES;
				CLANG_WARN_BOOL_CONVERSION = YES;
				CLANG_WARN_COMMA = YES;
				CLANG_WARN_CONSTANT_CONVERSION = YES;
				CLANG_WARN_DIRECT_OBJC_ISA_USAGE = YES_ERROR;
				CLANG_WARN_DOCUMENTATION_COMMENTS = YES;
				CLANG_WARN_EMPTY_BODY = YES;
				CLANG_WARN_ENUM_CONVERSION = YES;
				CLANG_WARN_INFINITE_RECURSION = YES;
				CLANG_WARN_INT_CONVERSION = YES;
				CLANG_WARN_NON_LITERAL_NULL_CONVERSION = YES;
				CLANG_WARN_OBJC_LITERAL_CONVERSION = YES;
				CLANG_WARN_OBJC_ROOT_CLASS = YES_ERROR;
				CLANG_WARN_RANGE_LOOP_ANALYSIS = YES;
				CLANG_WARN_STRICT_PROTOTYPES = YES;
				CLANG_WARN_SUSPICIOUS_MOVE = YES;
				CLANG_WARN_UNGUARDED_AVAILABILITY = YES_AGGRESSIVE;
				CLANG_WARN_UNREACHABLE_CODE = YES;
				CLANG_WARN__DUPLICATE_METHOD_MATCH = YES;
				CODE_SIGN_IDENTITY = "iPhone Developer";
				COPY_PHASE_STRIP = NO;
				DEBUG_INFORMATION_FORMAT = dwarf;
				ENABLE_STRICT_OBJC_MSGSEND = YES;
				ENABLE_TESTABILITY = YES;
				GCC_C_LANGUAGE_STANDARD = gnu11;
				GCC_DYNAMIC_NO_PIC = NO;
				GCC_NO_COMMON_BLOCKS = YES;
				GCC_OPTIMIZATION_LEVEL = 0;
				GCC_PREPROCESSOR_DEFINITIONS = (
					"DEBUG=1",
					"$(inherited)",
				);
				GCC_WARN_64_TO_32_BIT_CONVERSION = YES;
				GCC_WARN_ABOUT_RETURN_TYPE = YES_ERROR;
				GCC_WARN_UNDECLARED_SELECTOR = YES;
				GCC_WARN_UNINITIALIZED_AUTOS = YES_AGGRESSIVE;
				GCC_WARN_UNUSED_FUNCTION = YES;
				GCC_WARN_UNUSED_VARIABLE = YES;
				IPHONEOS_DEPLOYMENT_TARGET = 11.2;
				MTL_ENABLE_DEBUG_INFO = YES;
				ONLY_ACTIVE_ARCH = YES;
				SDKROOT = iphoneos;
			};
			name = Debug;
		};
		26108AF51FF0946600874201 /* Release */ = {
			isa = XCBuildConfiguration;
			buildSettings = {
				ALWAYS_SEARCH_USER_PATHS = NO;
				CLANG_ANALYZER_NONNULL = YES;
				CLANG_ANALYZER_NUMBER_OBJECT_CONVERSION = YES_AGGRESSIVE;
				CLANG_CXX_LANGUAGE_STANDARD = "gnu++14";
				CLANG_CXX_LIBRARY = "libc++";
				CLANG_ENABLE_MODULES = YES;
				CLANG_ENABLE_OBJC_ARC = YES;
				CLANG_WARN_BLOCK_CAPTURE_AUTORELEASING = YES;
				CLANG_WARN_BOOL_CONVERSION = YES;
				CLANG_WARN_COMMA = YES;
				CLANG_WARN_CONSTANT_CONVERSION = YES;
				CLANG_WARN_DIRECT_OBJC_ISA_USAGE = YES_ERROR;
				CLANG_WARN_DOCUMENTATION_COMMENTS = YES;
				CLANG_WARN_EMPTY_BODY = YES;
				CLANG_WARN_ENUM_CONVERSION = YES;
				CLANG_WARN_INFINITE_RECURSION = YES;
				CLANG_WARN_INT_CONVERSION = YES;
				CLANG_WARN_NON_LITERAL_NULL_CONVERSION = YES;
				CLANG_WARN_OBJC_LITERAL_CONVERSION = YES;
				CLANG_WARN_OBJC_ROOT_CLASS = YES_ERROR;
				CLANG_WARN_RANGE_LOOP_ANALYSIS = YES;
				CLANG_WARN_STRICT_PROTOTYPES = YES;
				CLANG_WARN_SUSPICIOUS_MOVE = YES;
				CLANG_WARN_UNGUARDED_AVAILABILITY = YES_AGGRESSIVE;
				CLANG_WARN_UNREACHABLE_CODE = YES;
				CLANG_WARN__DUPLICATE_METHOD_MATCH = YES;
				CODE_SIGN_IDENTITY = "iPhone Developer";
				COPY_PHASE_STRIP = NO;
				DEBUG_INFORMATION_FORMAT = "dwarf-with-dsym";
				ENABLE_NS_ASSERTIONS = NO;
				ENABLE_STRICT_OBJC_MSGSEND = YES;
				GCC_C_LANGUAGE_STANDARD = gnu11;
				GCC_NO_COMMON_BLOCKS = YES;
				GCC_WARN_64_TO_32_BIT_CONVERSION = YES;
				GCC_WARN_ABOUT_RETURN_TYPE = YES_ERROR;
				GCC_WARN_UNDECLARED_SELECTOR = YES;
				GCC_WARN_UNINITIALIZED_AUTOS = YES_AGGRESSIVE;
				GCC_WARN_UNUSED_FUNCTION = YES;
				GCC_WARN_UNUSED_VARIABLE = YES;
				IPHONEOS_DEPLOYMENT_TARGET = 11.2;
				MTL_ENABLE_DEBUG_INFO = NO;
				SDKROOT = iphoneos;
				VALIDATE_PRODUCT = YES;
			};
			name = Release;
		};
		26108AF71FF0946600874201 /* Debug */ = {
			isa = XCBuildConfiguration;
			buildSettings = {
				ASSETCATALOG_COMPILER_APPICON_NAME = AppIcon;
				CODE_SIGN_STYLE = Automatic;
				INFOPLIST_FILE = QRCodeTest/Info.plist;
				LD_RUNPATH_SEARCH_PATHS = "$(inherited) @executable_path/Frameworks";
				PRODUCT_BUNDLE_IDENTIFIER = DWH.QRCodeTest;
				PRODUCT_NAME = "$(TARGET_NAME)";
				TARGETED_DEVICE_FAMILY = "1,2";
			};
			name = Debug;
		};
		26108AF81FF0946600874201 /* Release */ = {
			isa = XCBuildConfiguration;
			buildSettings = {
				ASSETCATALOG_COMPILER_APPICON_NAME = AppIcon;
				CODE_SIGN_STYLE = Automatic;
				INFOPLIST_FILE = QRCodeTest/Info.plist;
				LD_RUNPATH_SEARCH_PATHS = "$(inherited) @executable_path/Frameworks";
				PRODUCT_BUNDLE_IDENTIFIER = DWH.QRCodeTest;
				PRODUCT_NAME = "$(TARGET_NAME)";
				TARGETED_DEVICE_FAMILY = "1,2";
			};
			name = Release;
		};
/* End XCBuildConfiguration section */

/* Begin XCConfigurationList section */
		26108ADB1FF0946600874201 /* Build configuration list for PBXProject "QRCodeTest" */ = {
			isa = XCConfigurationList;
			buildConfigurations = (
				26108AF41FF0946600874201 /* Debug */,
				26108AF51FF0946600874201 /* Release */,
			);
			defaultConfigurationIsVisible = 0;
			defaultConfigurationName = Release;
		};
		26108AF61FF0946600874201 /* Build configuration list for PBXNativeTarget "QRCodeTest" */ = {
			isa = XCConfigurationList;
			buildConfigurations = (
				26108AF71FF0946600874201 /* Debug */,
				26108AF81FF0946600874201 /* Release */,
			);
			defaultConfigurationIsVisible = 0;
			defaultConfigurationName = Release;
		};
/* End XCConfigurationList section */
	};
	rootObject = 26108AD81FF0946600874201 /* Project object */;
}
